{
  "name": "AR traders",
  "lockfileVersion": 3,
  "requires": true,
  "packages": {
    "": {
      "dependencies": {
        "@jarstone/dselect": "^1.0.4",
        "chosen": "^0.0.2",
        "jquery": "^3.7.1"
      }
    },
    "node_modules/@jarstone/dselect": {
      "version": "1.0.4",
      "resolved": "https://registry.npmjs.org/@jarstone/dselect/-/dselect-1.0.4.tgz",
      "integrity": "sha512-ZkdrGvEWKC5d8Wx/LcWYra5GCgxcYn0aZmMIvrqYp2P26yrUAttSRCzDX7F5MZGrljy0tpCIROYXYfXqpYCaIA=="
    },
    "node_modules/chosen": {
      "version": "0.0.2",
      "resolved": "https://registry.npmjs.org/chosen/-/chosen-0.0.2.tgz",
      "integrity": "sha512-HddoxkmOovD0JAyPLnNS1tk6IwhTFa0vrYndP5Rj5d3THZn/oN9oi/KcdqMYCOcBssOgJ2qfa/dtSRttcwx7OQ=="
    },
    "node_modules/jquery": {
      "version": "3.7.1",
      "resolved": "https://registry.npmjs.org/jquery/-/jquery-3.7.1.tgz",
      "integrity": "sha512-m4avr8yL8kmFN8psrbFFFmB/If14iN5o9nw/NgnnM+kybDJpRsAynV2BsfpTYrTRysYUdADVD7CkUUizgkpLfg=="
    }
  }
}
